
Microsoft Visual Studio Solution File, Format Version 12.00
# Visual Studio Version 17
VisualStudioVersion = 17.7.34202.233
MinimumVisualStudioVersion = 10.0.40219.1
Project("{FAE04EC0-301F-11D3-BF4B-00C04F79EFBC}") = "PruebaQualit.Api", "PruebaQualit.Api\PruebaQualit.Api.csproj", "{4A7DAB73-F77C-4575-A256-6C5F4D2C3C18}"
EndProject
Project("{FAE04EC0-301F-11D3-BF4B-00C04F79EFBC}") = "PruebaQualit.Core", "PruebaQualit.Core\PruebaQualit.Core.csproj", "{655ED0AE-7EBF-4794-9B8F-63FF56B92DA3}"
EndProject
Project("{FAE04EC0-301F-11D3-BF4B-00C04F79EFBC}") = "PruebaQualit.Infrastructure", "PruebaQualit.Infrastructure\PruebaQualit.Infrastructure.csproj", "{3586A92A-7A57-495F-9A81-8720799D6331}"
EndProject
Global
	GlobalSection(SolutionConfigurationPlatforms) = preSolution
		Debug|Any CPU = Debug|Any CPU
		Release|Any CPU = Release|Any CPU
	EndGlobalSection
	GlobalSection(ProjectConfigurationPlatforms) = postSolution
		{4A7DAB73-F77C-4575-A256-6C5F4D2C3C18}.Debug|Any CPU.ActiveCfg = Debug|Any CPU
		{4A7DAB73-F77C-4575-A256-6C5F4D2C3C18}.Debug|Any CPU.Build.0 = Debug|Any CPU
		{4A7DAB73-F77C-4575-A256-6C5F4D2C3C18}.Release|Any CPU.ActiveCfg = Release|Any CPU
		{4A7DAB73-F77C-4575-A256-6C5F4D2C3C18}.Release|Any CPU.Build.0 = Release|Any CPU
		{655ED0AE-7EBF-4794-9B8F-63FF56B92DA3}.Debug|Any CPU.ActiveCfg = Debug|Any CPU
		{655ED0AE-7EBF-4794-9B8F-63FF56B92DA3}.Debug|Any CPU.Build.0 = Debug|Any CPU
		{655ED0AE-7EBF-4794-9B8F-63FF56B92DA3}.Release|Any CPU.ActiveCfg = Release|Any CPU
		{655ED0AE-7EBF-4794-9B8F-63FF56B92DA3}.Release|Any CPU.Build.0 = Release|Any CPU
		{3586A92A-7A57-495F-9A81-8720799D6331}.Debug|Any CPU.ActiveCfg = Debug|Any CPU
		{3586A92A-7A57-495F-9A81-8720799D6331}.Debug|Any CPU.Build.0 = Debug|Any CPU
		{3586A92A-7A57-495F-9A81-8720799D6331}.Release|Any CPU.ActiveCfg = Release|Any CPU
		{3586A92A-7A57-495F-9A81-8720799D6331}.Release|Any CPU.Build.0 = Release|Any CPU
	EndGlobalSection
	GlobalSection(SolutionProperties) = preSolution
		HideSolutionNode = FALSE
	EndGlobalSection
	GlobalSection(ExtensibilityGlobals) = postSolution
		SolutionGuid = {52178A24-3100-47D3-94CF-D7D0DFE21F6D}
	EndGlobalSection
EndGlobal
